{
    "_readme": [
        "This file locks the dependencies of your project to a known state",
        "Read more about it at https://getcomposer.org/doc/01-basic-usage.md#installing-dependencies",
        "This file is @generated automatically"
    ],
    "content-hash": "1c00b6dc1180b30fcee15d0dae91e5e0",
    "packages": [
        {
            "name": "psr/http-message",
            "version": "1.1",
            "source": {
                "type": "git",
                "url": "https://github.com/php-fig/http-message.git",
                "reference": "cb6ce4845ce34a8ad9e68117c10ee90a29919eba"
            },
            "dist": {
                "type": "zip",
                "url": "https://api.github.com/repos/php-fig/http-message/zipball/cb6ce4845ce34a8ad9e68117c10ee90a29919eba",
                "reference": "cb6ce4845ce34a8ad9e68117c10ee90a29919eba",
                "shasum": ""
            },
            "require": {
                "php": "^7.2 || ^8.0"
            },
            "type": "library",
            "extra": {
                "branch-alias": {
                    "dev-master": "1.1.x-dev"
                }
            },
            "autoload": {
                "psr-4": {
                    "Psr\\Http\\Message\\": "src/"
                }
            },
            "notification-url": "https://packagist.org/downloads/",
            "license": [
                "MIT"
            ],
            "authors": [
                {
                    "name": "PHP-FIG",
                    "homepage": "http://www.php-fig.org/"
                }
            ],
            "description": "Common interface for HTTP messages",
            "homepage": "https://github.com/php-fig/http-message",
            "keywords": [
                "http",
                "http-message",
                "psr",
                "psr-7",
                "request",
                "response"
            ],
            "support": {
                "source": "https://github.com/php-fig/http-message/tree/1.1"
            },
            "time": "2023-04-04T09:50:52+00:00"
        },
        {
            "name": "vectorface/whip",
            "version": "v0.4.0",
            "source": {
                "type": "git",
                "url": "https://github.com/Vectorface/whip.git",
                "reference": "daa06bad325cff3fca5b870a5f167173ac88f4ad"
            },
            "dist": {
                "type": "zip",
                "url": "https://api.github.com/repos/Vectorface/whip/zipball/daa06bad325cff3fca5b870a5f167173ac88f4ad",
                "reference": "daa06bad325cff3fca5b870a5f167173ac88f4ad",
                "shasum": ""
            },
            "require": {
                "php": ">=5.6.0",
                "psr/http-message": "^1.0"
            },
            "require-dev": {
                "codeclimate/php-test-reporter": "dev-master",
                "phpunit/phpunit": "^4.8",
                "squizlabs/php_codesniffer": "~2.0",
                "vectorface/dunit": "~2.0"
            },
            "type": "library",
            "autoload": {
                "psr-4": {
                    "Vectorface\\Whip\\": "./src"
                }
            },
            "notification-url": "https://packagist.org/downloads/",
            "license": [
                "MIT"
            ],
            "authors": [
                {
                    "name": "Daniel Bruce",
                    "email": "dbruce@vectorface.com",
                    "role": "Developer"
                },
                {
                    "name": "Cory Darby",
                    "email": "ckdarby@vectorface.com",
                    "role": "Developer"
                }
            ],
            "description": "A PHP class for retrieving accurate IP address information for the client.",
            "homepage": "https://github.com/Vectorface/whip",
            "keywords": [
                "IP",
                "cdn",
                "cloudflare"
            ],
            "support": {
                "issues": "https://github.com/Vectorface/whip/issues",
                "source": "https://github.com/Vectorface/whip"
            },
            "time": "2020-08-25T13:45:06+00:00"
        }
    ],
    "packages-dev": [],
    "aliases": [],
    "minimum-stability": "stable",
    "stability-flags": [],
    "prefer-stable": false,
    "prefer-lowest": false,
    "platform": [],
    "platform-dev": [],
    "plugin-api-version": "2.3.0"
}
